
Microsoft Visual Studio Solution File, Format Version 12.00
# Visual Studio Version 17
VisualStudioVersion = 17.0.31903.59
MinimumVisualStudioVersion = 10.0.40219.1
Project("{FAE04EC0-301F-11D3-BF4B-00C04F79EFBC}") = "DinoApi", "DinoApi\DinoApi.csproj", "{C946C61C-4138-4873-BC23-58ABC053C6CE}"
EndProject
Project("{FAE04EC0-301F-11D3-BF4B-00C04F79EFBC}") = "Dominio", "Dominio\Dominio.csproj", "{681E99A6-0F6E-42F1-A219-9F9F7EF9B6F1}"
EndProject
Project("{FAE04EC0-301F-11D3-BF4B-00C04F79EFBC}") = "Aplicacion", "Aplicacion\Aplicacion.csproj", "{9F02EEBB-862D-4101-8AAA-3E245F99215A}"
EndProject
Project("{FAE04EC0-301F-11D3-BF4B-00C04F79EFBC}") = "Persistencia", "Persistencia\Persistencia.csproj", "{E7766646-3837-4F3B-81A7-C4964D7049AE}"
EndProject
Global
	GlobalSection(SolutionConfigurationPlatforms) = preSolution
		Debug|Any CPU = Debug|Any CPU
		Release|Any CPU = Release|Any CPU
	EndGlobalSection
	GlobalSection(SolutionProperties) = preSolution
		HideSolutionNode = FALSE
	EndGlobalSection
	GlobalSection(ProjectConfigurationPlatforms) = postSolution
		{C946C61C-4138-4873-BC23-58ABC053C6CE}.Debug|Any CPU.ActiveCfg = Debug|Any CPU
		{C946C61C-4138-4873-BC23-58ABC053C6CE}.Debug|Any CPU.Build.0 = Debug|Any CPU
		{C946C61C-4138-4873-BC23-58ABC053C6CE}.Release|Any CPU.ActiveCfg = Release|Any CPU
		{C946C61C-4138-4873-BC23-58ABC053C6CE}.Release|Any CPU.Build.0 = Release|Any CPU
		{681E99A6-0F6E-42F1-A219-9F9F7EF9B6F1}.Debug|Any CPU.ActiveCfg = Debug|Any CPU
		{681E99A6-0F6E-42F1-A219-9F9F7EF9B6F1}.Debug|Any CPU.Build.0 = Debug|Any CPU
		{681E99A6-0F6E-42F1-A219-9F9F7EF9B6F1}.Release|Any CPU.ActiveCfg = Release|Any CPU
		{681E99A6-0F6E-42F1-A219-9F9F7EF9B6F1}.Release|Any CPU.Build.0 = Release|Any CPU
		{9F02EEBB-862D-4101-8AAA-3E245F99215A}.Debug|Any CPU.ActiveCfg = Debug|Any CPU
		{9F02EEBB-862D-4101-8AAA-3E245F99215A}.Debug|Any CPU.Build.0 = Debug|Any CPU
		{9F02EEBB-862D-4101-8AAA-3E245F99215A}.Release|Any CPU.ActiveCfg = Release|Any CPU
		{9F02EEBB-862D-4101-8AAA-3E245F99215A}.Release|Any CPU.Build.0 = Release|Any CPU
		{E7766646-3837-4F3B-81A7-C4964D7049AE}.Debug|Any CPU.ActiveCfg = Debug|Any CPU
		{E7766646-3837-4F3B-81A7-C4964D7049AE}.Debug|Any CPU.Build.0 = Debug|Any CPU
		{E7766646-3837-4F3B-81A7-C4964D7049AE}.Release|Any CPU.ActiveCfg = Release|Any CPU
		{E7766646-3837-4F3B-81A7-C4964D7049AE}.Release|Any CPU.Build.0 = Release|Any CPU
	EndGlobalSection
EndGlobal
